// !$*UTF8*$!
{
	archiveVersion = 1;
	classes = {
	};
	objectVersion = 77;
	objects = {

/* Begin PBXBuildFile section */
		3EF61A31BB99AF1DC47A45D8 /* SharedWebCredentialsManager.swift in Sources */ = {isa = PBXBuildFile; fileRef = 3EF61A31BB99AF1DC47A45D7 /* SharedWebCredentialsManager.swift */; };
		668F6147BDDB2702B2A11253 /* AuthView.swift in Sources */ = {isa = PBXBuildFile; fileRef = 0771171D9E05D8FD244231C9 /* AuthView.swift */; };
		921C56449A714013AB99266A /* ScheduleService.swift in Sources */ = {isa = PBXBuildFile; fileRef = D82AF040DECD4BCE9F07528B /* ScheduleService.swift */; };
		A228825C2E935CE500774386 /* FeatureShowcaseView.swift in Sources */ = {isa = PBXBuildFile; fileRef = A228825B2E935CE500774386 /* FeatureShowcaseView.swift */; };
		A228825E2E937DC800774386 /* AppUpdateManager.swift in Sources */ = {isa = PBXBuildFile; fileRef = A228825D2E937DC800774386 /* AppUpdateManager.swift */; };
		A24509CD2DEEB14500BCDAB5 /* FirebaseAnalytics in Frameworks */ = {isa = PBXBuildFile; productRef = A24509CC2DEEB14500BCDAB5 /* FirebaseAnalytics */; };
		A24509CF2DEEB14500BCDAB5 /* FirebaseCore in Frameworks */ = {isa = PBXBuildFile; productRef = A24509CE2DEEB14500BCDAB5 /* FirebaseCore */; };
		A24509D12DEEB14500BCDAB5 /* FirebaseFirestore in Frameworks */ = {isa = PBXBuildFile; productRef = A24509D02DEEB14500BCDAB5 /* FirebaseFirestore */; };
		A25EA3412DBA0B530037D8D9 /* SwiftSoup in Frameworks */ = {isa = PBXBuildFile; productRef = A25EA3402DBA0B530037D8D9 /* SwiftSoup */; };
		A25EDD822DEFD6D600F71034 /* ScheduleTypeFetcher.swift in Sources */ = {isa = PBXBuildFile; fileRef = A25EDD812DEFD6D600F71034 /* ScheduleTypeFetcher.swift */; };
		A25EDD842DEFD9BE00F71034 /* GoogleService-Info.plist in Resources */ = {isa = PBXBuildFile; fileRef = A25EDD832DEFD9BE00F71034 /* GoogleService-Info.plist */; };
		A267CD012DF008BE00F904F1 /* late_start.json in Resources */ = {isa = PBXBuildFile; fileRef = A267CD002DF008BE00F904F1 /* late_start.json */; };
		A267CD022DF008BE00F904F1 /* abdec.json in Resources */ = {isa = PBXBuildFile; fileRef = A267CCFF2DF008BE00F904F1 /* abdec.json */; };
		A271E7DD2DFD271F0063C9C0 /* SplashScreenView.swift in Sources */ = {isa = PBXBuildFile; fileRef = A271E7DC2DFD271F0063C9C0 /* SplashScreenView.swift */; };
		A271E7DF2DFD2C880063C9C0 /* LaunchScreen.storyboard in Resources */ = {isa = PBXBuildFile; fileRef = A271E7DE2DFD2C880063C9C0 /* LaunchScreen.storyboard */; };
		A280A0F02DDCE7E300F98F3F /* schedule_mon_thu.json in Resources */ = {isa = PBXBuildFile; fileRef = A280A0E62DDCE7E300F98F3F /* schedule_mon_thu.json */; };
		A280A0F12DDCE7E300F98F3F /* Assets.xcassets in Resources */ = {isa = PBXBuildFile; fileRef = A280A0EB2DDCE7E300F98F3F /* Assets.xcassets */; };
		A280A0F22DDCE7E300F98F3F /* ScheduleLoader.swift in Sources */ = {isa = PBXBuildFile; fileRef = A280A0E72DDCE7E300F98F3F /* ScheduleLoader.swift */; };
		A280A0F32DDCE7E300F98F3F /* ScheduleModels.swift in Sources */ = {isa = PBXBuildFile; fileRef = A280A0E82DDCE7E300F98F3F /* ScheduleModels.swift */; };
		A280A0F42DDCE7E300F98F3F /* ScheduleView.swift in Sources */ = {isa = PBXBuildFile; fileRef = A280A0E92DDCE7E300F98F3F /* ScheduleView.swift */; };
		A280A0F52DDCE7E300F98F3F /* ContentView.swift in Sources */ = {isa = PBXBuildFile; fileRef = A280A0EC2DDCE7E300F98F3F /* ContentView.swift */; };
		A280A0F62DDCE7E300F98F3F /* SJA_reApp.swift in Sources */ = {isa = PBXBuildFile; fileRef = A280A0EE2DDCE7E300F98F3F /* SJA_reApp.swift */; };
		A280A0FA2DDD557D00F98F3F /* DayTypeView 2.swift in Sources */ = {isa = PBXBuildFile; fileRef = A280A0F92DDD557D00F98F3F /* DayTypeView 2.swift */; };
		A280A0FC2DDE0C1600F98F3F /* schedule_wed.json in Resources */ = {isa = PBXBuildFile; fileRef = A280A0FB2DDE0C1600F98F3F /* schedule_wed.json */; };
		A280A0FE2DDE0FEA00F98F3F /* schedule_fri.json in Resources */ = {isa = PBXBuildFile; fileRef = A280A0FD2DDE0FEA00F98F3F /* schedule_fri.json */; };
		A287C2E62E6CA9E3005129F0 /* WidgetKit.framework in Frameworks */ = {isa = PBXBuildFile; fileRef = A25EA3AF2DC018000037D8D9 /* WidgetKit.framework */; };
		A287C2E72E6CA9E3005129F0 /* SwiftUI.framework in Frameworks */ = {isa = PBXBuildFile; fileRef = A25EA3B12DC018000037D8D9 /* SwiftUI.framework */; };
		A2B4D9AA2FCBC8C400EEA00C /* MoreInfoView.swift in Sources */ = {isa = PBXBuildFile; fileRef = A2B4D9A92FCBC8C400EEA00C /* MoreInfoView.swift */; };
		A2DB29D32EF9D0A400006E68 /* FirebaseAuth in Frameworks */ = {isa = PBXBuildFile; productRef = 43C2CA118D4F0525E716EF03 /* FirebaseAuth */; };
		A2DB29E92EF9D1B300006E68 /* CloudflareDataLoader.swift in Sources */ = {isa = PBXBuildFile; fileRef = A2DB29E82EF9D1B300006E68 /* CloudflareDataLoader.swift */; };
		A2DB29EB2EF9D1B300006E69 /* ScheduleConfig.swift in Sources */ = {isa = PBXBuildFile; fileRef = A2DB29EC2EF9D1B300006E69 /* ScheduleConfig.swift */; };
		A2SC00012F00B2C000000001 /* ScheduleCacheForWidget.swift in Sources */ = {isa = PBXBuildFile; fileRef = A2SC00002F00B2C000000001 /* ScheduleCacheForWidget.swift */; };
		A2DT00012F00A1B000000001 /* DayTypeBulletinParser.swift in Sources */ = {isa = PBXBuildFile; fileRef = A2DT00002F00A1B000000001 /* DayTypeBulletinParser.swift */; };
		A2F8BEA12E19100200EAD8F9 /* Lottie in Frameworks */ = {isa = PBXBuildFile; productRef = A2F8BEA02E19100200EAD8F9 /* Lottie */; };
		A2F8BEAB2E1A7ABE00EAD8F9 /* confetti.lottie in Resources */ = {isa = PBXBuildFile; fileRef = A2F8BEAA2E1A7ABE00EAD8F9 /* confetti.lottie */; };
		A2F8BEAD2E1AAD7600EAD8F9 /* confetti_new.json in Resources */ = {isa = PBXBuildFile; fileRef = A2F8BEAC2E1AAD7600EAD8F9 /* confetti_new.json */; };
		B1A2C3D4E5F6A7B8C9D0E1F2 /* BlockPreferencesManager.swift in Sources */ = {isa = PBXBuildFile; fileRef = A1B2C3D4E5F6A7B8C9D0E1F2 /* BlockPreferencesManager.swift */; };
		B99C9D6C2F00000100000003 /* WidgetSharedTypes.swift in Sources */ = {isa = PBXBuildFile; fileRef = B99C9D6B2F00000100000002 /* WidgetSharedTypes.swift */; };
		B99C9D6D2F00000100000004 /* WidgetSharedTypes.swift in Sources */ = {isa = PBXBuildFile; fileRef = B99C9D6B2F00000100000002 /* WidgetSharedTypes.swift */; };
		B99C9D702F00000100000007 /* WidgetSyncManager.swift in Sources */ = {isa = PBXBuildFile; fileRef = B99C9D6F2F00000100000006 /* WidgetSyncManager.swift */; };
		B99C9D732F0002B20000000A /* ClassCountdownWidgetExtension.appex in Embed App Extensions */ = {isa = PBXBuildFile; fileRef = A287C2E52E6CA9E3005129F0 /* ClassCountdownWidgetExtension.appex */; settings = {ATTRIBUTES = (RemoveHeadersOnCopy, ); }; };
		B99C9DA32F0056D000000018 /* AppRefreshScheduler.swift in Sources */ = {isa = PBXBuildFile; fileRef = B99C9DA02F0056D000000015 /* AppRefreshScheduler.swift */; };
		B99C9DA42F0056D000000019 /* RefreshScheduleOperation.swift in Sources */ = {isa = PBXBuildFile; fileRef = B99C9DA12F0056D000000016 /* RefreshScheduleOperation.swift */; };
		B99C9DA52F0056D00000001A /* BackgroundTaskManager.swift in Sources */ = {isa = PBXBuildFile; fileRef = B99C9DA22F0056D000000017 /* BackgroundTaskManager.swift */; };
		B9A0F1012F10A1B000000002 /* NavigationRouter.swift in Sources */ = {isa = PBXBuildFile; fileRef = B9A0F1002F10A1B000000001 /* NavigationRouter.swift */; };
		B9A0F1032F10A1B000000004 /* TimeSettingsModel.swift in Sources */ = {isa = PBXBuildFile; fileRef = B9A0F1022F10A1B000000003 /* TimeSettingsModel.swift */; };
		C251B45F0DBA4903B89B9D8D /* DayTypeCache.swift in Sources */ = {isa = PBXBuildFile; fileRef = 845FCFE81465410FA49CF218 /* DayTypeCache.swift */; };
		C9E2BFEAE8D7A0BABF41B31B /* AuthManager.swift in Sources */ = {isa = PBXBuildFile; fileRef = 066F6C25E1F23CBDCBDF2CE6 /* AuthManager.swift */; };
		EB542DCCCBB341CAA84FE5C6 /* BackgroundRefreshManager.swift in Sources */ = {isa = PBXBuildFile; fileRef = 602743BF6B60445A8269F574 /* BackgroundRefreshManager.swift */; };
/* End PBXBuildFile section */

/* Begin PBXContainerItemProxy section */
		A25EA2DE2DB9E0780037D8D9 /* PBXContainerItemProxy */ = {
			isa = PBXContainerItemProxy;
			containerPortal = A25EA2C72DB9E0770037D8D9 /* Project object */;
			proxyType = 1;
			remoteGlobalIDString = A25EA2CE2DB9E0770037D8D9;
			remoteInfo = SJA_re;
		};
		A25EA2E82DB9E0780037D8D9 /* PBXContainerItemProxy */ = {
			isa = PBXContainerItemProxy;
			containerPortal = A25EA2C72DB9E0770037D8D9 /* Project object */;
			proxyType = 1;
			remoteGlobalIDString = A25EA2CE2DB9E0770037D8D9;
			remoteInfo = SJA_re;
		};
/* End PBXContainerItemProxy section */

/* Begin PBXCopyFilesBuildPhase section */
		B99C9D742F0002B20000000B /* Embed App Extensions */ = {
			isa = PBXCopyFilesBuildPhase;
			buildActionMask = 2147483647;
			dstPath = "";
			dstSubfolderSpec = 13;
			files = (
				B99C9D732F0002B20000000A /* ClassCountdownWidgetExtension.appex in Embed App Extensions */,
			);
			name = "Embed App Extensions";
			runOnlyForDeploymentPostprocessing = 0;
		};
/* End PBXCopyFilesBuildPhase section */

/* Begin PBXFileReference section */
		066F6C25E1F23CBDCBDF2CE6 /* AuthManager.swift */ = {isa = PBXFileReference; includeInIndex = 1; lastKnownFileType = sourcecode.swift; path = AuthManager.swift; sourceTree = "<group>"; };
		0771171D9E05D8FD244231C9 /* AuthView.swift */ = {isa = PBXFileReference; includeInIndex = 1; lastKnownFileType = sourcecode.swift; path = AuthView.swift; sourceTree = "<group>"; };
		3EF61A31BB99AF1DC47A45D7 /* SharedWebCredentialsManager.swift */ = {isa = PBXFileReference; includeInIndex = 1; lastKnownFileType = sourcecode.swift; path = SharedWebCredentialsManager.swift; sourceTree = "<group>"; };
		602743BF6B60445A8269F574 /* BackgroundRefreshManager.swift */ = {isa = PBXFileReference; lastKnownFileType = sourcecode.swift; path = BackgroundRefreshManager.swift; sourceTree = "<group>"; };
		845FCFE81465410FA49CF218 /* DayTypeCache.swift */ = {isa = PBXFileReference; lastKnownFileType = sourcecode.swift; path = DayTypeCache.swift; sourceTree = "<group>"; };
		A1B2C3D4E5F6A7B8C9D0E1F2 /* BlockPreferencesManager.swift */ = {isa = PBXFileReference; includeInIndex = 1; lastKnownFileType = sourcecode.swift; path = BlockPreferencesManager.swift; sourceTree = "<group>"; };
		A228825B2E935CE500774386 /* FeatureShowcaseView.swift */ = {isa = PBXFileReference; lastKnownFileType = sourcecode.swift; path = FeatureShowcaseView.swift; sourceTree = "<group>"; };
		A228825D2E937DC800774386 /* AppUpdateManager.swift */ = {isa = PBXFileReference; lastKnownFileType = sourcecode.swift; path = AppUpdateManager.swift; sourceTree = "<group>"; };
		A25EA2CF2DB9E0770037D8D9 /* SJA_re.app */ = {isa = PBXFileReference; explicitFileType = wrapper.application; includeInIndex = 0; path = SJA_re.app; sourceTree = BUILT_PRODUCTS_DIR; };
		A25EA2DD2DB9E0780037D8D9 /* SJA_reTests.xctest */ = {isa = PBXFileReference; explicitFileType = wrapper.cfbundle; includeInIndex = 0; path = SJA_reTests.xctest; sourceTree = BUILT_PRODUCTS_DIR; };
		A25EA2E72DB9E0780037D8D9 /* SJA_reUITests.xctest */ = {isa = PBXFileReference; explicitFileType = wrapper.cfbundle; includeInIndex = 0; path = SJA_reUITests.xctest; sourceTree = BUILT_PRODUCTS_DIR; };
		A25EA3AF2DC018000037D8D9 /* WidgetKit.framework */ = {isa = PBXFileReference; lastKnownFileType = wrapper.framework; name = WidgetKit.framework; path = /System/Library/Frameworks/WidgetKit.framework; sourceTree = "<absolute>"; };
		A25EA3B12DC018000037D8D9 /* SwiftUI.framework */ = {isa = PBXFileReference; lastKnownFileType = wrapper.framework; name = SwiftUI.framework; path = /System/Library/Frameworks/SwiftUI.framework; sourceTree = "<absolute>"; };
		A25EDD812DEFD6D600F71034 /* ScheduleTypeFetcher.swift */ = {isa = PBXFileReference; lastKnownFileType = sourcecode.swift; path = ScheduleTypeFetcher.swift; sourceTree = "<group>"; };
		A25EDD832DEFD9BE00F71034 /* GoogleService-Info.plist */ = {isa = PBXFileReference; lastKnownFileType = text.plist.xml; path = "GoogleService-Info.plist"; sourceTree = "<group>"; };
		A267CCFF2DF008BE00F904F1 /* abdec.json */ = {isa = PBXFileReference; lastKnownFileType = text.json; path = abdec.json; sourceTree = "<group>"; };
		A267CD002DF008BE00F904F1 /* late_start.json */ = {isa = PBXFileReference; lastKnownFileType = text.json; path = late_start.json; sourceTree = "<group>"; };
		A271E7DC2DFD271F0063C9C0 /* SplashScreenView.swift */ = {isa = PBXFileReference; lastKnownFileType = sourcecode.swift; path = SplashScreenView.swift; sourceTree = "<group>"; };
		A271E7DE2DFD2C880063C9C0 /* LaunchScreen.storyboard */ = {isa = PBXFileReference; lastKnownFileType = file.storyboard; path = LaunchScreen.storyboard; sourceTree = "<group>"; };
		A280A0E62DDCE7E300F98F3F /* schedule_mon_thu.json */ = {isa = PBXFileReference; lastKnownFileType = text.json; path = schedule_mon_thu.json; sourceTree = "<group>"; };
		A280A0E72DDCE7E300F98F3F /* ScheduleLoader.swift */ = {isa = PBXFileReference; lastKnownFileType = sourcecode.swift; path = ScheduleLoader.swift; sourceTree = "<group>"; };
		A280A0E82DDCE7E300F98F3F /* ScheduleModels.swift */ = {isa = PBXFileReference; lastKnownFileType = sourcecode.swift; path = ScheduleModels.swift; sourceTree = "<group>"; };
		A280A0E92DDCE7E300F98F3F /* ScheduleView.swift */ = {isa = PBXFileReference; lastKnownFileType = sourcecode.swift; path = ScheduleView.swift; sourceTree = "<group>"; };
		A280A0EB2DDCE7E300F98F3F /* Assets.xcassets */ = {isa = PBXFileReference; lastKnownFileType = folder.assetcatalog; path = Assets.xcassets; sourceTree = "<group>"; };
		A280A0EC2DDCE7E300F98F3F /* ContentView.swift */ = {isa = PBXFileReference; lastKnownFileType = sourcecode.swift; path = ContentView.swift; sourceTree = "<group>"; };
		A280A0ED2DDCE7E300F98F3F /* SJA_re.entitlements */ = {isa = PBXFileReference; lastKnownFileType = text.plist.entitlements; path = SJA_re.entitlements; sourceTree = "<group>"; };
		A280A0EE2DDCE7E300F98F3F /* SJA_reApp.swift */ = {isa = PBXFileReference; lastKnownFileType = sourcecode.swift; path = SJA_reApp.swift; sourceTree = "<group>"; };
		A280A0F92DDD557D00F98F3F /* DayTypeView 2.swift */ = {isa = PBXFileReference; lastKnownFileType = sourcecode.swift; path = "DayTypeView 2.swift"; sourceTree = "<group>"; };
		A280A0FB2DDE0C1600F98F3F /* schedule_wed.json */ = {isa = PBXFileReference; lastKnownFileType = text.json; path = schedule_wed.json; sourceTree = "<group>"; };
		A280A0FD2DDE0FEA00F98F3F /* schedule_fri.json */ = {isa = PBXFileReference; lastKnownFileType = text.json; path = schedule_fri.json; sourceTree = "<group>"; };
		A287C2E52E6CA9E3005129F0 /* ClassCountdownWidgetExtension.appex */ = {isa = PBXFileReference; explicitFileType = "wrapper.app-extension"; includeInIndex = 0; path = ClassCountdownWidgetExtension.appex; sourceTree = BUILT_PRODUCTS_DIR; };
		A2ACF6042E8422F600C8E7D5 /* SJA-re-Info.plist */ = {isa = PBXFileReference; lastKnownFileType = text.plist; path = "SJA-re-Info.plist"; sourceTree = SOURCE_ROOT; };
		A2B4D9A92FCBC8C400EEA00C /* MoreInfoView.swift */ = {isa = PBXFileReference; lastKnownFileType = sourcecode.swift; path = MoreInfoView.swift; sourceTree = "<group>"; };
		A2DB29E82EF9D1B300006E68 /* CloudflareDataLoader.swift */ = {isa = PBXFileReference; lastKnownFileType = sourcecode.swift; path = CloudflareDataLoader.swift; sourceTree = "<group>"; };
		A2DB29EC2EF9D1B300006E69 /* ScheduleConfig.swift */ = {isa = PBXFileReference; lastKnownFileType = sourcecode.swift; path = ScheduleConfig.swift; sourceTree = "<group>"; };
		A2SC00002F00B2C000000001 /* ScheduleCacheForWidget.swift */ = {isa = PBXFileReference; lastKnownFileType = sourcecode.swift; path = ScheduleCacheForWidget.swift; sourceTree = "<group>"; };
		A2DT00002F00A1B000000001 /* DayTypeBulletinParser.swift */ = {isa = PBXFileReference; lastKnownFileType = sourcecode.swift; path = DayTypeBulletinParser.swift; sourceTree = "<group>"; };
		A2F8BEAA2E1A7ABE00EAD8F9 /* confetti.lottie */ = {isa = PBXFileReference; lastKnownFileType = file; path = confetti.lottie; sourceTree = "<group>"; };
		A2F8BEAC2E1AAD7600EAD8F9 /* confetti_new.json */ = {isa = PBXFileReference; lastKnownFileType = text.json; path = confetti_new.json; sourceTree = "<group>"; };
		B99C9D6B2F00000100000002 /* WidgetSharedTypes.swift */ = {isa = PBXFileReference; lastKnownFileType = sourcecode.swift; path = WidgetSharedTypes.swift; sourceTree = "<group>"; };
		B99C9D6F2F00000100000006 /* WidgetSyncManager.swift */ = {isa = PBXFileReference; lastKnownFileType = sourcecode.swift; path = WidgetSyncManager.swift; sourceTree = "<group>"; };
		B99C9DA02F0056D000000015 /* AppRefreshScheduler.swift */ = {isa = PBXFileReference; lastKnownFileType = sourcecode.swift; path = AppRefreshScheduler.swift; sourceTree = "<group>"; };
		B99C9DA12F0056D000000016 /* RefreshScheduleOperation.swift */ = {isa = PBXFileReference; lastKnownFileType = sourcecode.swift; path = RefreshScheduleOperation.swift; sourceTree = "<group>"; };
		B99C9DA22F0056D000000017 /* BackgroundTaskManager.swift */ = {isa = PBXFileReference; lastKnownFileType = sourcecode.swift; path = BackgroundTaskManager.swift; sourceTree = "<group>"; };
		B9A0F1002F10A1B000000001 /* NavigationRouter.swift */ = {isa = PBXFileReference; lastKnownFileType = sourcecode.swift; path = NavigationRouter.swift; sourceTree = "<group>"; };
		B9A0F1022F10A1B000000003 /* TimeSettingsModel.swift */ = {isa = PBXFileReference; lastKnownFileType = sourcecode.swift; path = TimeSettingsModel.swift; sourceTree = "<group>"; };
		D82AF040DECD4BCE9F07528B /* ScheduleService.swift */ = {isa = PBXFileReference; lastKnownFileType = sourcecode.swift; path = ScheduleService.swift; sourceTree = "<group>"; };
/* End PBXFileReference section */

/* Begin PBXFileSystemSynchronizedBuildFileExceptionSet section */
		A287C2F92E6CA9E4005129F0 /* Exceptions for "ClassCountdownWidget" folder in "ClassCountdownWidgetExtension" target */ = {
			isa = PBXFileSystemSynchronizedBuildFileExceptionSet;
			membershipExceptions = (
				Info.plist,
			);
			target = A287C2E42E6CA9E3005129F0 /* ClassCountdownWidgetExtension */;
		};
/* End PBXFileSystemSynchronizedBuildFileExceptionSet section */

/* Begin PBXFileSystemSynchronizedRootGroup section */
		A25EA2E02DB9E0780037D8D9 /* SJA_reTests */ = {
			isa = PBXFileSystemSynchronizedRootGroup;
			path = SJA_reTests;
			sourceTree = "<group>";
		};
		A25EA2EA2DB9E0780037D8D9 /* SJA_reUITests */ = {
			isa = PBXFileSystemSynchronizedRootGroup;
			path = SJA_reUITests;
			sourceTree = "<group>";
		};
		A25EA3B32DC018000037D8D9 /* DayTypeWidget */ = {
			isa = PBXFileSystemSynchronizedRootGroup;
			path = DayTypeWidget;
			sourceTree = "<group>";
		};
		A287C2E82E6CA9E3005129F0 /* ClassCountdownWidget */ = {
			isa = PBXFileSystemSynchronizedRootGroup;
			exceptions = (
				A287C2F92E6CA9E4005129F0 /* Exceptions for "ClassCountdownWidget" folder in "ClassCountdownWidgetExtension" target */,
			);
			path = ClassCountdownWidget;
			sourceTree = "<group>";
		};
/* End PBXFileSystemSynchronizedRootGroup section */

/* Begin PBXFrameworksBuildPhase section */
		A25EA2CC2DB9E0770037D8D9 /* Frameworks */ = {
			isa = PBXFrameworksBuildPhase;
			buildActionMask = 2147483647;
			files = (
				A2DB29D32EF9D0A400006E68 /* FirebaseAuth in Frameworks */,
				A2F8BEA12E19100200EAD8F9 /* Lottie in Frameworks */,
				A24509CD2DEEB14500BCDAB5 /* FirebaseAnalytics in Frameworks */,
				A24509D12DEEB14500BCDAB5 /* FirebaseFirestore in Frameworks */,
				A24509CF2DEEB14500BCDAB5 /* FirebaseCore in Frameworks */,
				A25EA3412DBA0B530037D8D9 /* SwiftSoup in Frameworks */,
			);
			runOnlyForDeploymentPostprocessing = 0;
		};
		A25EA2DA2DB9E0780037D8D9 /* Frameworks */ = {
			isa = PBXFrameworksBuildPhase;
			buildActionMask = 2147483647;
			files = (
			);
			runOnlyForDeploymentPostprocessing = 0;
		};
		A25EA2E42DB9E0780037D8D9 /* Frameworks */ = {
			isa = PBXFrameworksBuildPhase;
			buildActionMask = 2147483647;
			files = (
			);
			runOnlyForDeploymentPostprocessing = 0;
		};
		A287C2E22E6CA9E3005129F0 /* Frameworks */ = {
			isa = PBXFrameworksBuildPhase;
			buildActionMask = 2147483647;
			files = (
				A287C2E72E6CA9E3005129F0 /* SwiftUI.framework in Frameworks */,
				A287C2E62E6CA9E3005129F0 /* WidgetKit.framework in Frameworks */,
			);
			runOnlyForDeploymentPostprocessing = 0;
		};
/* End PBXFrameworksBuildPhase section */

/* Begin PBXGroup section */
		A25EA2C62DB9E0770037D8D9 = {
			isa = PBXGroup;
			children = (
				A280A0EF2DDCE7E300F98F3F /* SJA_re */,
				A25EA2E02DB9E0780037D8D9 /* SJA_reTests */,
				A25EA2EA2DB9E0780037D8D9 /* SJA_reUITests */,
				A25EA3B32DC018000037D8D9 /* DayTypeWidget */,
				A287C2E82E6CA9E3005129F0 /* ClassCountdownWidget */,
				B99C9D6E2F00000100000005 /* Shared */,
				A25EA3AE2DC018000037D8D9 /* Frameworks */,
				A25EA2D02DB9E0770037D8D9 /* Products */,
			);
			sourceTree = "<group>";
		};
		A25EA2D02DB9E0770037D8D9 /* Products */ = {
			isa = PBXGroup;
			children = (
				A25EA2CF2DB9E0770037D8D9 /* SJA_re.app */,
				A25EA2DD2DB9E0780037D8D9 /* SJA_reTests.xctest */,
				A25EA2E72DB9E0780037D8D9 /* SJA_reUITests.xctest */,
				A287C2E52E6CA9E3005129F0 /* ClassCountdownWidgetExtension.appex */,
			);
			name = Products;
			sourceTree = "<group>";
		};
		A25EA3AE2DC018000037D8D9 /* Frameworks */ = {
			isa = PBXGroup;
			children = (
				A25EA3AF2DC018000037D8D9 /* WidgetKit.framework */,
				A25EA3B12DC018000037D8D9 /* SwiftUI.framework */,
			);
			name = Frameworks;
			sourceTree = "<group>";
		};
		A280A0EA2DDCE7E300F98F3F /* Schedule */ = {
			isa = PBXGroup;
			children = (
				A25EDD812DEFD6D600F71034 /* ScheduleTypeFetcher.swift */,
				A280A0F72DDCE7F700F98F3F /* scheduleConfig */,
				A280A0E72DDCE7E300F98F3F /* ScheduleLoader.swift */,
				A280A0E82DDCE7E300F98F3F /* ScheduleModels.swift */,
				A280A0E92DDCE7E300F98F3F /* ScheduleView.swift */,
				A2DB29E82EF9D1B300006E68 /* CloudflareDataLoader.swift */,
				A2SC00002F00B2C000000001 /* ScheduleCacheForWidget.swift */,
				A2DB29EC2EF9D1B300006E69 /* ScheduleConfig.swift */,
			);
			path = Schedule;
			sourceTree = "<group>";
		};
		A280A0EF2DDCE7E300F98F3F /* SJA_re */ = {
			isa = PBXGroup;
			children = (
				A2ACF6042E8422F600C8E7D5 /* SJA-re-Info.plist */,
				A2F8BEAA2E1A7ABE00EAD8F9 /* confetti.lottie */,
				A271E7DE2DFD2C880063C9C0 /* LaunchScreen.storyboard */,
				A271E7DC2DFD271F0063C9C0 /* SplashScreenView.swift */,
				A25EDD832DEFD9BE00F71034 /* GoogleService-Info.plist */,
				A280A0F82DDD54E400F98F3F /* DayType */,
				A280A0EA2DDCE7E300F98F3F /* Schedule */,
				A280A0EB2DDCE7E300F98F3F /* Assets.xcassets */,
				A280A0EC2DDCE7E300F98F3F /* ContentView.swift */,
				A228825D2E937DC800774386 /* AppUpdateManager.swift */,
				B9A0F1002F10A1B000000001 /* NavigationRouter.swift */,
				B9A0F1022F10A1B000000003 /* TimeSettingsModel.swift */,
				A228825B2E935CE500774386 /* FeatureShowcaseView.swift */,
				A2B4D9A92FCBC8C400EEA00C /* MoreInfoView.swift */,
				B99C9DA62F0056D00000001B /* Background */,
				602743BF6B60445A8269F574 /* BackgroundRefreshManager.swift */,
				845FCFE81465410FA49CF218 /* DayTypeCache.swift */,
				D82AF040DECD4BCE9F07528B /* ScheduleService.swift */,
				A2F8BEAC2E1AAD7600EAD8F9 /* confetti_new.json */,
				A280A0ED2DDCE7E300F98F3F /* SJA_re.entitlements */,
				A280A0EE2DDCE7E300F98F3F /* SJA_reApp.swift */,
				B99C9D6F2F00000100000006 /* WidgetSyncManager.swift */,
				066F6C25E1F23CBDCBDF2CE6 /* AuthManager.swift */,
				0771171D9E05D8FD244231C9 /* AuthView.swift */,
				A1B2C3D4E5F6A7B8C9D0E1F2 /* BlockPreferencesManager.swift */,
				3EF61A31BB99AF1DC47A45D7 /* SharedWebCredentialsManager.swift */,
			);
			path = SJA_re;
			sourceTree = "<group>";
		};
		A280A0F72DDCE7F700F98F3F /* scheduleConfig */ = {
			isa = PBXGroup;
			children = (
				A267CCFF2DF008BE00F904F1 /* abdec.json */,
				A267CD002DF008BE00F904F1 /* late_start.json */,
				A280A0FD2DDE0FEA00F98F3F /* schedule_fri.json */,
				A280A0FB2DDE0C1600F98F3F /* schedule_wed.json */,
				A280A0E62DDCE7E300F98F3F /* schedule_mon_thu.json */,
			);
			path = scheduleConfig;
			sourceTree = "<group>";
		};
		A280A0F82DDD54E400F98F3F /* DayType */ = {
			isa = PBXGroup;
			children = (
				A2DT00002F00A1B000000001 /* DayTypeBulletinParser.swift */,
				A280A0F92DDD557D00F98F3F /* DayTypeView 2.swift */,
			);
			path = DayType;
			sourceTree = "<group>";
		};
		B99C9D6E2F00000100000005 /* Shared */ = {
			isa = PBXGroup;
			children = (
				B99C9D6B2F00000100000002 /* WidgetSharedTypes.swift */,
			);
			path = Shared;
			sourceTree = "<group>";
		};
		B99C9DA62F0056D00000001B /* Background */ = {
			isa = PBXGroup;
			children = (
				B99C9DA02F0056D000000015 /* AppRefreshScheduler.swift */,
				B99C9DA12F0056D000000016 /* RefreshScheduleOperation.swift */,
				B99C9DA22F0056D000000017 /* BackgroundTaskManager.swift */,
			);
			path = Background;
			sourceTree = "<group>";
		};
/* End PBXGroup section */

/* Begin PBXNativeTarget section */
		A25EA2CE2DB9E0770037D8D9 /* SJA_re */ = {
			isa = PBXNativeTarget;
			buildConfigurationList = A25EA2F12DB9E0780037D8D9 /* Build configuration list for PBXNativeTarget "SJA_re" */;
			buildPhases = (
				A25EA2CB2DB9E0770037D8D9 /* Sources */,
				A25EA2CC2DB9E0770037D8D9 /* Frameworks */,
				A25EA2CD2DB9E0770037D8D9 /* Resources */,
				B99C9D742F0002B20000000B /* Embed App Extensions */,
			);
			buildRules = (
			);
			dependencies = (
			);
			name = SJA_re;
			packageProductDependencies = (
				A25EA3402DBA0B530037D8D9 /* SwiftSoup */,
				A24509CC2DEEB14500BCDAB5 /* FirebaseAnalytics */,
				A24509CE2DEEB14500BCDAB5 /* FirebaseCore */,
				A24509D02DEEB14500BCDAB5 /* FirebaseFirestore */,
				A2F8BEA02E19100200EAD8F9 /* Lottie */,
				43C2CA118D4F0525E716EF03 /* FirebaseAuth */,
			);
			productName = SJA_re;
			productReference = A25EA2CF2DB9E0770037D8D9 /* SJA_re.app */;
			productType = "com.apple.product-type.application";
		};
		A25EA2DC2DB9E0780037D8D9 /* SJA_reTests */ = {
			isa = PBXNativeTarget;
			buildConfigurationList = A25EA2F42DB9E0780037D8D9 /* Build configuration list for PBXNativeTarget "SJA_reTests" */;
			buildPhases = (
				A25EA2D92DB9E0780037D8D9 /* Sources */,
				A25EA2DA2DB9E0780037D8D9 /* Frameworks */,
				A25EA2DB2DB9E0780037D8D9 /* Resources */,
			);
			buildRules = (
			);
			dependencies = (
				A25EA2DF2DB9E0780037D8D9 /* PBXTargetDependency */,
			);
			fileSystemSynchronizedGroups = (
				A25EA2E02DB9E0780037D8D9 /* SJA_reTests */,
			);
			name = SJA_reTests;
			productName = SJA_reTests;
			productReference = A25EA2DD2DB9E0780037D8D9 /* SJA_reTests.xctest */;
			productType = "com.apple.product-type.bundle.unit-test";
		};
		A25EA2E62DB9E0780037D8D9 /* SJA_reUITests */ = {
			isa = PBXNativeTarget;
			buildConfigurationList = A25EA2F72DB9E0780037D8D9 /* Build configuration list for PBXNativeTarget "SJA_reUITests" */;
			buildPhases = (
				A25EA2E32DB9E0780037D8D9 /* Sources */,
				A25EA2E42DB9E0780037D8D9 /* Frameworks */,
				A25EA2E52DB9E0780037D8D9 /* Resources */,
			);
			buildRules = (
			);
			dependencies = (
				A25EA2E92DB9E0780037D8D9 /* PBXTargetDependency */,
			);
			fileSystemSynchronizedGroups = (
				A25EA2EA2DB9E0780037D8D9 /* SJA_reUITests */,
			);
			name = SJA_reUITests;
			productName = SJA_reUITests;
			productReference = A25EA2E72DB9E0780037D8D9 /* SJA_reUITests.xctest */;
			productType = "com.apple.product-type.bundle.ui-testing";
		};
		A287C2E42E6CA9E3005129F0 /* ClassCountdownWidgetExtension */ = {
			isa = PBXNativeTarget;
			buildConfigurationList = A287C2FA2E6CA9E4005129F0 /* Build configuration list for PBXNativeTarget "ClassCountdownWidgetExtension" */;
			buildPhases = (
				A287C2E12E6CA9E3005129F0 /* Sources */,
				A287C2E22E6CA9E3005129F0 /* Frameworks */,
				A287C2E32E6CA9E3005129F0 /* Resources */,
			);
			buildRules = (
			);
			dependencies = (
			);
			fileSystemSynchronizedGroups = (
				A287C2E82E6CA9E3005129F0 /* ClassCountdownWidget */,
			);
			name = ClassCountdownWidgetExtension;
			productName = ClassCountdownWidgetExtension;
			productReference = A287C2E52E6CA9E3005129F0 /* ClassCountdownWidgetExtension.appex */;
			productType = "com.apple.product-type.app-extension";
		};
/* End PBXNativeTarget section */

/* Begin PBXProject section */
		A25EA2C72DB9E0770037D8D9 /* Project object */ = {
			isa = PBXProject;
			attributes = {
				BuildIndependentTargetsInParallel = 1;
				LastSwiftUpdateCheck = 1630;
				LastUpgradeCheck = 1630;
				TargetAttributes = {
					A25EA2CE2DB9E0770037D8D9 = {
						CreatedOnToolsVersion = 16.3;
					};
					A25EA2DC2DB9E0780037D8D9 = {
						CreatedOnToolsVersion = 16.3;
						TestTargetID = A25EA2CE2DB9E0770037D8D9;
					};
					A25EA2E62DB9E0780037D8D9 = {
						CreatedOnToolsVersion = 16.3;
						TestTargetID = A25EA2CE2DB9E0770037D8D9;
					};
					A287C2E42E6CA9E3005129F0 = {
						CreatedOnToolsVersion = 16.3;
					};
				};
			};
			buildConfigurationList = A25EA2CA2DB9E0770037D8D9 /* Build configuration list for PBXProject "SJA_re" */;
			developmentRegion = en;
			hasScannedForEncodings = 0;
			knownRegions = (
				en,
				Base,
			);
			mainGroup = A25EA2C62DB9E0770037D8D9;
			minimizedProjectReferenceProxies = 1;
			packageReferences = (
				A25EA33F2DBA0B530037D8D9 /* XCRemoteSwiftPackageReference "SwiftSoup" */,
				A24509CB2DEEB14500BCDAB5 /* XCRemoteSwiftPackageReference "firebase-ios-sdk" */,
				A2F8BE9F2E19100200EAD8F9 /* XCRemoteSwiftPackageReference "lottie-ios" */,
			);
			preferredProjectObjectVersion = 77;
			productRefGroup = A25EA2D02DB9E0770037D8D9 /* Products */;
			projectDirPath = "";
			projectRoot = "";
			targets = (
				A25EA2CE2DB9E0770037D8D9 /* SJA_re */,
				A25EA2DC2DB9E0780037D8D9 /* SJA_reTests */,
				A25EA2E62DB9E0780037D8D9 /* SJA_reUITests */,
				A287C2E42E6CA9E3005129F0 /* ClassCountdownWidgetExtension */,
			);
		};
/* End PBXProject section */

/* Begin PBXResourcesBuildPhase section */
		A25EA2CD2DB9E0770037D8D9 /* Resources */ = {
			isa = PBXResourcesBuildPhase;
			buildActionMask = 2147483647;
			files = (
				A280A0F02DDCE7E300F98F3F /* schedule_mon_thu.json in Resources */,
				A271E7DF2DFD2C880063C9C0 /* LaunchScreen.storyboard in Resources */,
				A280A0FC2DDE0C1600F98F3F /* schedule_wed.json in Resources */,
				A25EDD842DEFD9BE00F71034 /* GoogleService-Info.plist in Resources */,
				A280A0FE2DDE0FEA00F98F3F /* schedule_fri.json in Resources */,
				A280A0F12DDCE7E300F98F3F /* Assets.xcassets in Resources */,
				A267CD012DF008BE00F904F1 /* late_start.json in Resources */,
				A2F8BEAB2E1A7ABE00EAD8F9 /* confetti.lottie in Resources */,
				A2F8BEAD2E1AAD7600EAD8F9 /* confetti_new.json in Resources */,
				A267CD022DF008BE00F904F1 /* abdec.json in Resources */,
			);
			runOnlyForDeploymentPostprocessing = 0;
		};
		A25EA2DB2DB9E0780037D8D9 /* Resources */ = {
			isa = PBXResourcesBuildPhase;
			buildActionMask = 2147483647;
			files = (
			);
			runOnlyForDeploymentPostprocessing = 0;
		};
		A25EA2E52DB9E0780037D8D9 /* Resources */ = {
			isa = PBXResourcesBuildPhase;
			buildActionMask = 2147483647;
			files = (
			);
			runOnlyForDeploymentPostprocessing = 0;
		};
		A287C2E32E6CA9E3005129F0 /* Resources */ = {
			isa = PBXResourcesBuildPhase;
			buildActionMask = 2147483647;
			files = (
			);
			runOnlyForDeploymentPostprocessing = 0;
		};
/* End PBXResourcesBuildPhase section */

/* Begin PBXSourcesBuildPhase section */
		A25EA2CB2DB9E0770037D8D9 /* Sources */ = {
			isa = PBXSourcesBuildPhase;
			buildActionMask = 2147483647;
			files = (
				B99C9D6C2F00000100000003 /* WidgetSharedTypes.swift in Sources */,
				B99C9D702F00000100000007 /* WidgetSyncManager.swift in Sources */,
				A228825E2E937DC800774386 /* AppUpdateManager.swift in Sources */,
				B9A0F1012F10A1B000000002 /* NavigationRouter.swift in Sources */,
				B9A0F1032F10A1B000000004 /* TimeSettingsModel.swift in Sources */,
				B99C9DA32F0056D000000018 /* AppRefreshScheduler.swift in Sources */,
				B99C9DA42F0056D000000019 /* RefreshScheduleOperation.swift in Sources */,
				B99C9DA52F0056D00000001A /* BackgroundTaskManager.swift in Sources */,
				A280A0F22DDCE7E300F98F3F /* ScheduleLoader.swift in Sources */,
				A280A0F32DDCE7E300F98F3F /* ScheduleModels.swift in Sources */,
				A280A0F42DDCE7E300F98F3F /* ScheduleView.swift in Sources */,
				A280A0FA2DDD557D00F98F3F /* DayTypeView 2.swift in Sources */,
				A2DT00012F00A1B000000001 /* DayTypeBulletinParser.swift in Sources */,
				A280A0F52DDCE7E300F98F3F /* ContentView.swift in Sources */,
				EB542DCCCBB341CAA84FE5C6 /* BackgroundRefreshManager.swift in Sources */,
				C251B45F0DBA4903B89B9D8D /* DayTypeCache.swift in Sources */,
				A228825C2E935CE500774386 /* FeatureShowcaseView.swift in Sources */,
				A2B4D9AA2FCBC8C400EEA00C /* MoreInfoView.swift in Sources */,
				921C56449A714013AB99266A /* ScheduleService.swift in Sources */,
				A25EDD822DEFD6D600F71034 /* ScheduleTypeFetcher.swift in Sources */,
				A280A0F62DDCE7E300F98F3F /* SJA_reApp.swift in Sources */,
				A271E7DD2DFD271F0063C9C0 /* SplashScreenView.swift in Sources */,
				C9E2BFEAE8D7A0BABF41B31B /* AuthManager.swift in Sources */,
				668F6147BDDB2702B2A11253 /* AuthView.swift in Sources */,
				B1A2C3D4E5F6A7B8C9D0E1F2 /* BlockPreferencesManager.swift in Sources */,
				3EF61A31BB99AF1DC47A45D8 /* SharedWebCredentialsManager.swift in Sources */,
				A2DB29E92EF9D1B300006E68 /* CloudflareDataLoader.swift in Sources */,
				A2SC00012F00B2C000000001 /* ScheduleCacheForWidget.swift in Sources */,
				A2DB29EB2EF9D1B300006E69 /* ScheduleConfig.swift in Sources */,
			);
			runOnlyForDeploymentPostprocessing = 0;
		};
		A25EA2D92DB9E0780037D8D9 /* Sources */ = {
			isa = PBXSourcesBuildPhase;
			buildActionMask = 2147483647;
			files = (
			);
			runOnlyForDeploymentPostprocessing = 0;
		};
		A25EA2E32DB9E0780037D8D9 /* Sources */ = {
			isa = PBXSourcesBuildPhase;
			buildActionMask = 2147483647;
			files = (
			);
			runOnlyForDeploymentPostprocessing = 0;
		};
		A287C2E12E6CA9E3005129F0 /* Sources */ = {
			isa = PBXSourcesBuildPhase;
			buildActionMask = 2147483647;
			files = (
				B99C9D6D2F00000100000004 /* WidgetSharedTypes.swift in Sources */,
			);
			runOnlyForDeploymentPostprocessing = 0;
		};
/* End PBXSourcesBuildPhase section */

/* Begin PBXTargetDependency section */
		A25EA2DF2DB9E0780037D8D9 /* PBXTargetDependency */ = {
			isa = PBXTargetDependency;
			target = A25EA2CE2DB9E0770037D8D9 /* SJA_re */;
			targetProxy = A25EA2DE2DB9E0780037D8D9 /* PBXContainerItemProxy */;
		};
		A25EA2E92DB9E0780037D8D9 /* PBXTargetDependency */ = {
			isa = PBXTargetDependency;
			target = A25EA2CE2DB9E0770037D8D9 /* SJA_re */;
			targetProxy = A25EA2E82DB9E0780037D8D9 /* PBXContainerItemProxy */;
		};
/* End PBXTargetDependency section */

/* Begin XCBuildConfiguration section */
		A25EA2EF2DB9E0780037D8D9 /* Debug */ = {
			isa = XCBuildConfiguration;
			buildSettings = {
				ALWAYS_SEARCH_USER_PATHS = NO;
				ASSETCATALOG_COMPILER_GENERATE_SWIFT_ASSET_SYMBOL_EXTENSIONS = YES;
				CLANG_ANALYZER_NONNULL = YES;
				CLANG_ANALYZER_NUMBER_OBJECT_CONVERSION = YES_AGGRESSIVE;
				CLANG_CXX_LANGUAGE_STANDARD = "gnu++20";
				CLANG_ENABLE_MODULES = YES;
				CLANG_ENABLE_OBJC_ARC = YES;
				CLANG_ENABLE_OBJC_WEAK = YES;
				CLANG_WARN_BLOCK_CAPTURE_AUTORELEASING = YES;
				CLANG_WARN_BOOL_CONVERSION = YES;
				CLANG_WARN_COMMA = YES;
				CLANG_WARN_CONSTANT_CONVERSION = YES;
				CLANG_WARN_DEPRECATED_OBJC_IMPLEMENTATIONS = YES;
				CLANG_WARN_DIRECT_OBJC_ISA_USAGE = YES_ERROR;
				CLANG_WARN_DOCUMENTATION_COMMENTS = YES;
				CLANG_WARN_EMPTY_BODY = YES;
				CLANG_WARN_ENUM_CONVERSION = YES;
				CLANG_WARN_INFINITE_RECURSION = YES;
				CLANG_WARN_INT_CONVERSION = YES;
				CLANG_WARN_NON_LITERAL_NULL_CONVERSION = YES;
				CLANG_WARN_OBJC_IMPLICIT_RETAIN_SELF = YES;
				CLANG_WARN_OBJC_LITERAL_CONVERSION = YES;
				CLANG_WARN_OBJC_ROOT_CLASS = YES_ERROR;
				CLANG_WARN_QUOTED_INCLUDE_IN_FRAMEWORK_HEADER = YES;
				CLANG_WARN_RANGE_LOOP_ANALYSIS = YES;
				CLANG_WARN_STRICT_PROTOTYPES = YES;
				CLANG_WARN_SUSPICIOUS_MOVE = YES;
				CLANG_WARN_UNGUARDED_AVAILABILITY = YES_AGGRESSIVE;
				CLANG_WARN_UNREACHABLE_CODE = YES;
				CLANG_WARN__DUPLICATE_METHOD_MATCH = YES;
				COPY_PHASE_STRIP = NO;
				DEBUG_INFORMATION_FORMAT = dwarf;
				ENABLE_STRICT_OBJC_MSGSEND = YES;
				ENABLE_TESTABILITY = YES;
				ENABLE_USER_SCRIPT_SANDBOXING = YES;
				GCC_C_LANGUAGE_STANDARD = gnu17;
				GCC_DYNAMIC_NO_PIC = NO;
				GCC_NO_COMMON_BLOCKS = YES;
				GCC_OPTIMIZATION_LEVEL = 0;
				GCC_PREPROCESSOR_DEFINITIONS = (
					"DEBUG=1",
					"$(inherited)",
				);
				GCC_WARN_64_TO_32_BIT_CONVERSION = YES;
				GCC_WARN_ABOUT_RETURN_TYPE = YES_ERROR;
				GCC_WARN_UNDECLARED_SELECTOR = YES;
				GCC_WARN_UNINITIALIZED_AUTOS = YES_AGGRESSIVE;
				GCC_WARN_UNUSED_FUNCTION = YES;
				GCC_WARN_UNUSED_VARIABLE = YES;
				LOCALIZATION_PREFERS_STRING_CATALOGS = YES;
				MTL_ENABLE_DEBUG_INFO = INCLUDE_SOURCE;
				MTL_FAST_MATH = YES;
				ONLY_ACTIVE_ARCH = YES;
				SWIFT_ACTIVE_COMPILATION_CONDITIONS = "DEBUG $(inherited)";
				SWIFT_OPTIMIZATION_LEVEL = "-Onone";
			};
			name = Debug;
		};
		A25EA2F02DB9E0780037D8D9 /* Release */ = {
			isa = XCBuildConfiguration;
			buildSettings = {
				ALWAYS_SEARCH_USER_PATHS = NO;
				ASSETCATALOG_COMPILER_GENERATE_SWIFT_ASSET_SYMBOL_EXTENSIONS = YES;
				CLANG_ANALYZER_NONNULL = YES;
				CLANG_ANALYZER_NUMBER_OBJECT_CONVERSION = YES_AGGRESSIVE;
				CLANG_CXX_LANGUAGE_STANDARD = "gnu++20";
				CLANG_ENABLE_MODULES = YES;
				CLANG_ENABLE_OBJC_ARC = YES;
				CLANG_ENABLE_OBJC_WEAK = YES;
				CLANG_WARN_BLOCK_CAPTURE_AUTORELEASING = YES;
				CLANG_WARN_BOOL_CONVERSION = YES;
				CLANG_WARN_COMMA = YES;
				CLANG_WARN_CONSTANT_CONVERSION = YES;
				CLANG_WARN_DEPRECATED_OBJC_IMPLEMENTATIONS = YES;
				CLANG_WARN_DIRECT_OBJC_ISA_USAGE = YES_ERROR;
				CLANG_WARN_DOCUMENTATION_COMMENTS = YES;
				CLANG_WARN_EMPTY_BODY = YES;
				CLANG_WARN_ENUM_CONVERSION = YES;
				CLANG_WARN_INFINITE_RECURSION = YES;
				CLANG_WARN_INT_CONVERSION = YES;
				CLANG_WARN_NON_LITERAL_NULL_CONVERSION = YES;
				CLANG_WARN_OBJC_IMPLICIT_RETAIN_SELF = YES;
				CLANG_WARN_OBJC_LITERAL_CONVERSION = YES;
				CLANG_WARN_OBJC_ROOT_CLASS = YES_ERROR;
				CLANG_WARN_QUOTED_INCLUDE_IN_FRAMEWORK_HEADER = YES;
				CLANG_WARN_RANGE_LOOP_ANALYSIS = YES;
				CLANG_WARN_STRICT_PROTOTYPES = YES;
				CLANG_WARN_SUSPICIOUS_MOVE = YES;
				CLANG_WARN_UNGUARDED_AVAILABILITY = YES_AGGRESSIVE;
				CLANG_WARN_UNREACHABLE_CODE = YES;
				CLANG_WARN__DUPLICATE_METHOD_MATCH = YES;
				COPY_PHASE_STRIP = NO;
				DEBUG_INFORMATION_FORMAT = "dwarf-with-dsym";
				ENABLE_NS_ASSERTIONS = NO;
				ENABLE_STRICT_OBJC_MSGSEND = YES;
				ENABLE_USER_SCRIPT_SANDBOXING = YES;
				GCC_C_LANGUAGE_STANDARD = gnu17;
				GCC_NO_COMMON_BLOCKS = YES;
				GCC_WARN_64_TO_32_BIT_CONVERSION = YES;
				GCC_WARN_ABOUT_RETURN_TYPE = YES_ERROR;
				GCC_WARN_UNDECLARED_SELECTOR = YES;
				GCC_WARN_UNINITIALIZED_AUTOS = YES_AGGRESSIVE;
				GCC_WARN_UNUSED_FUNCTION = YES;
				GCC_WARN_UNUSED_VARIABLE = YES;
				LOCALIZATION_PREFERS_STRING_CATALOGS = YES;
				MTL_ENABLE_DEBUG_INFO = NO;
				MTL_FAST_MATH = YES;
				SWIFT_COMPILATION_MODE = wholemodule;
			};
			name = Release;
		};
		A25EA2F22DB9E0780037D8D9 /* Debug */ = {
			isa = XCBuildConfiguration;
			buildSettings = {
				ASSETCATALOG_COMPILER_APPICON_NAME = AppIcon;
				ASSETCATALOG_COMPILER_GLOBAL_ACCENT_COLOR_NAME = AccentColor;
				CODE_SIGN_ENTITLEMENTS = SJA_re/SJA_re.entitlements;
				"CODE_SIGN_IDENTITY[sdk=macosx*]" = "Apple Development";
				CODE_SIGN_STYLE = Automatic;
				CURRENT_PROJECT_VERSION = 2;
				DEVELOPMENT_ASSET_PATHS = ClassCountdownWidget;
				DEVELOPMENT_TEAM = 997U33SWRW;
				ENABLE_PREVIEWS = YES;
				GENERATE_INFOPLIST_FILE = YES;
				INFOPLIST_FILE = "SJA-re-Info.plist";
				INFOPLIST_KEY_CFBundleDisplayName = Hilltoppers;
				INFOPLIST_KEY_LSApplicationCategoryType = "public.app-category.utilities";
				"INFOPLIST_KEY_UIApplicationSceneManifest_Generation[sdk=iphoneos*]" = YES;
				"INFOPLIST_KEY_UIApplicationSceneManifest_Generation[sdk=iphonesimulator*]" = YES;
				"INFOPLIST_KEY_UIApplicationSupportsIndirectInputEvents[sdk=iphoneos*]" = YES;
				"INFOPLIST_KEY_UIApplicationSupportsIndirectInputEvents[sdk=iphonesimulator*]" = YES;
				"INFOPLIST_KEY_UILaunchScreen_Generation[sdk=iphoneos*]" = YES;
				"INFOPLIST_KEY_UILaunchScreen_Generation[sdk=iphonesimulator*]" = YES;
				"INFOPLIST_KEY_UIStatusBarStyle[sdk=iphoneos*]" = UIStatusBarStyleDefault;
				"INFOPLIST_KEY_UIStatusBarStyle[sdk=iphonesimulator*]" = UIStatusBarStyleDefault;
				INFOPLIST_KEY_UISupportedInterfaceOrientations = UIInterfaceOrientationPortrait;
				INFOPLIST_KEY_UISupportedInterfaceOrientations_iPad = "UIInterfaceOrientationLandscapeLeft UIInterfaceOrientationLandscapeRight UIInterfaceOrientationPortrait UIInterfaceOrientationPortraitUpsideDown";
				IPHONEOS_DEPLOYMENT_TARGET = 16.0;
				LD_RUNPATH_SEARCH_PATHS = "@executable_path/Frameworks";
				"LD_RUNPATH_SEARCH_PATHS[sdk=macosx*]" = "@executable_path/../Frameworks";
				MACOSX_DEPLOYMENT_TARGET = 15.2;
				MARKETING_VERSION = 2.4.2;
				PRODUCT_BUNDLE_IDENTIFIER = danielzhang.Hilltoppers2;
				PRODUCT_NAME = "$(TARGET_NAME)";
				REGISTER_APP_GROUPS = YES;
				SDKROOT = auto;
				SUPPORTED_PLATFORMS = "iphonesimulator iphoneos";
				SWIFT_EMIT_LOC_STRINGS = YES;
				SWIFT_VERSION = 5.0;
				TARGETED_DEVICE_FAMILY = "1,2,7";
				XROS_DEPLOYMENT_TARGET = 2.4;
			};
			name = Debug;
		};
		A25EA2F32DB9E0780037D8D9 /* Release */ = {
			isa = XCBuildConfiguration;
			buildSettings = {
				ASSETCATALOG_COMPILER_APPICON_NAME = AppIcon;
				ASSETCATALOG_COMPILER_GLOBAL_ACCENT_COLOR_NAME = AccentColor;
				CODE_SIGN_ENTITLEMENTS = SJA_re/SJA_re.entitlements;
				"CODE_SIGN_IDENTITY[sdk=macosx*]" = "Apple Development";
				CODE_SIGN_STYLE = Automatic;
				CURRENT_PROJECT_VERSION = 2;
				DEVELOPMENT_ASSET_PATHS = ClassCountdownWidget;
				DEVELOPMENT_TEAM = 997U33SWRW;
				ENABLE_PREVIEWS = YES;
				GENERATE_INFOPLIST_FILE = YES;
				INFOPLIST_FILE = "SJA-re-Info.plist";
				INFOPLIST_KEY_CFBundleDisplayName = Hilltoppers;
				INFOPLIST_KEY_LSApplicationCategoryType = "public.app-category.utilities";
				"INFOPLIST_KEY_UIApplicationSceneManifest_Generation[sdk=iphoneos*]" = YES;
				"INFOPLIST_KEY_UIApplicationSceneManifest_Generation[sdk=iphonesimulator*]" = YES;
				"INFOPLIST_KEY_UIApplicationSupportsIndirectInputEvents[sdk=iphoneos*]" = YES;
				"INFOPLIST_KEY_UIApplicationSupportsIndirectInputEvents[sdk=iphonesimulator*]" = YES;
				"INFOPLIST_KEY_UILaunchScreen_Generation[sdk=iphoneos*]" = YES;
				"INFOPLIST_KEY_UILaunchScreen_Generation[sdk=iphonesimulator*]" = YES;
				"INFOPLIST_KEY_UIStatusBarStyle[sdk=iphoneos*]" = UIStatusBarStyleDefault;
				"INFOPLIST_KEY_UIStatusBarStyle[sdk=iphonesimulator*]" = UIStatusBarStyleDefault;
				INFOPLIST_KEY_UISupportedInterfaceOrientations = UIInterfaceOrientationPortrait;
				INFOPLIST_KEY_UISupportedInterfaceOrientations_iPad = "UIInterfaceOrientationLandscapeLeft UIInterfaceOrientationLandscapeRight UIInterfaceOrientationPortrait UIInterfaceOrientationPortraitUpsideDown";
				IPHONEOS_DEPLOYMENT_TARGET = 16.0;
				LD_RUNPATH_SEARCH_PATHS = "@executable_path/Frameworks";
				"LD_RUNPATH_SEARCH_PATHS[sdk=macosx*]" = "@executable_path/../Frameworks";
				MACOSX_DEPLOYMENT_TARGET = 15.2;
				MARKETING_VERSION = 2.4.2;
				PRODUCT_BUNDLE_IDENTIFIER = danielzhang.Hilltoppers2;
				PRODUCT_NAME = "$(TARGET_NAME)";
				REGISTER_APP_GROUPS = YES;
				SDKROOT = auto;
				SUPPORTED_PLATFORMS = "iphonesimulator iphoneos";
				SWIFT_EMIT_LOC_STRINGS = YES;
				SWIFT_VERSION = 5.0;
				TARGETED_DEVICE_FAMILY = "1,2,7";
				XROS_DEPLOYMENT_TARGET = 2.4;
			};
			name = Release;
		};
		A25EA2F52DB9E0780037D8D9 /* Debug */ = {
			isa = XCBuildConfiguration;
			buildSettings = {
				BUNDLE_LOADER = "$(TEST_HOST)";
				CODE_SIGN_STYLE = Automatic;
				CURRENT_PROJECT_VERSION = 1;
				GENERATE_INFOPLIST_FILE = YES;
				IPHONEOS_DEPLOYMENT_TARGET = 16.0;
				MACOSX_DEPLOYMENT_TARGET = 15.2;
				MARKETING_VERSION = 1.0;
				PRODUCT_BUNDLE_IDENTIFIER = "danielzhang.SJA-reTests";
				PRODUCT_NAME = "$(TARGET_NAME)";
				SDKROOT = auto;
				SUPPORTED_PLATFORMS = "iphoneos iphonesimulator macosx xros xrsimulator";
				SWIFT_EMIT_LOC_STRINGS = NO;
				SWIFT_VERSION = 5.0;
				TARGETED_DEVICE_FAMILY = "1,2,7";
				TEST_HOST = "$(BUILT_PRODUCTS_DIR)/SJA_re.app/$(BUNDLE_EXECUTABLE_FOLDER_PATH)/SJA_re";
				XROS_DEPLOYMENT_TARGET = 2.4;
			};
			name = Debug;
		};
		A25EA2F62DB9E0780037D8D9 /* Release */ = {
			isa = XCBuildConfiguration;
			buildSettings = {
				BUNDLE_LOADER = "$(TEST_HOST)";
				CODE_SIGN_STYLE = Automatic;
				CURRENT_PROJECT_VERSION = 1;
				GENERATE_INFOPLIST_FILE = YES;
				IPHONEOS_DEPLOYMENT_TARGET = 16.0;
				MACOSX_DEPLOYMENT_TARGET = 15.2;
				MARKETING_VERSION = 1.0;
				PRODUCT_BUNDLE_IDENTIFIER = "danielzhang.SJA-reTests";
				PRODUCT_NAME = "$(TARGET_NAME)";
				SDKROOT = auto;
				SUPPORTED_PLATFORMS = "iphoneos iphonesimulator macosx xros xrsimulator";
				SWIFT_EMIT_LOC_STRINGS = NO;
				SWIFT_VERSION = 5.0;
				TARGETED_DEVICE_FAMILY = "1,2,7";
				TEST_HOST = "$(BUILT_PRODUCTS_DIR)/SJA_re.app/$(BUNDLE_EXECUTABLE_FOLDER_PATH)/SJA_re";
				XROS_DEPLOYMENT_TARGET = 2.4;
			};
			name = Release;
		};
		A25EA2F82DB9E0780037D8D9 /* Debug */ = {
			isa = XCBuildConfiguration;
			buildSettings = {
				CODE_SIGN_STYLE = Automatic;
				CURRENT_PROJECT_VERSION = 1;
				GENERATE_INFOPLIST_FILE = YES;
				IPHONEOS_DEPLOYMENT_TARGET = 16.0;
				MACOSX_DEPLOYMENT_TARGET = 15.2;
				MARKETING_VERSION = 1.0;
				PRODUCT_BUNDLE_IDENTIFIER = "danielzhang.SJA-reUITests";
				PRODUCT_NAME = "$(TARGET_NAME)";
				SDKROOT = auto;
				SUPPORTED_PLATFORMS = "iphoneos iphonesimulator macosx xros xrsimulator";
				SWIFT_EMIT_LOC_STRINGS = NO;
				SWIFT_VERSION = 5.0;
				TARGETED_DEVICE_FAMILY = "1,2,7";
				TEST_TARGET_NAME = SJA_re;
				XROS_DEPLOYMENT_TARGET = 2.4;
			};
			name = Debug;
		};
		A25EA2F92DB9E0780037D8D9 /* Release */ = {
			isa = XCBuildConfiguration;
			buildSettings = {
				CODE_SIGN_STYLE = Automatic;
				CURRENT_PROJECT_VERSION = 1;
				GENERATE_INFOPLIST_FILE = YES;
				IPHONEOS_DEPLOYMENT_TARGET = 16.0;
				MACOSX_DEPLOYMENT_TARGET = 15.2;
				MARKETING_VERSION = 1.0;
				PRODUCT_BUNDLE_IDENTIFIER = "danielzhang.SJA-reUITests";
				PRODUCT_NAME = "$(TARGET_NAME)";
				SDKROOT = auto;
				SUPPORTED_PLATFORMS = "iphoneos iphonesimulator macosx xros xrsimulator";
				SWIFT_EMIT_LOC_STRINGS = NO;
				SWIFT_VERSION = 5.0;
				TARGETED_DEVICE_FAMILY = "1,2,7";
				TEST_TARGET_NAME = SJA_re;
				XROS_DEPLOYMENT_TARGET = 2.4;
			};
			name = Release;
		};
		A287C2F72E6CA9E4005129F0 /* Debug */ = {
			isa = XCBuildConfiguration;
			buildSettings = {
				ASSETCATALOG_COMPILER_GLOBAL_ACCENT_COLOR_NAME = AccentColor;
				ASSETCATALOG_COMPILER_WIDGET_BACKGROUND_COLOR_NAME = WidgetBackground;
				CODE_SIGN_ENTITLEMENTS = ClassCountdownWidget/ClassCountdownWidget.entitlements;
				CODE_SIGN_STYLE = Automatic;
				CURRENT_PROJECT_VERSION = 1;
				DEVELOPMENT_TEAM = 997U33SWRW;
				GENERATE_INFOPLIST_FILE = YES;
				INFOPLIST_FILE = ClassCountdownWidget/Info.plist;
				INFOPLIST_KEY_CFBundleDisplayName = ClassCountdownWidget;
				INFOPLIST_KEY_NSHumanReadableCopyright = "";
				IPHONEOS_DEPLOYMENT_TARGET = 16.0;
				LD_RUNPATH_SEARCH_PATHS = (
					"$(inherited)",
					"@executable_path/Frameworks",
					"@executable_path/../../Frameworks",
				);
				MARKETING_VERSION = 1.0;
				PRODUCT_BUNDLE_IDENTIFIER = danielzhang.Hilltoppers2.ClassCountdownWidget;
				PRODUCT_NAME = "$(TARGET_NAME)";
				SDKROOT = iphoneos;
				SKIP_INSTALL = YES;
				SWIFT_EMIT_LOC_STRINGS = YES;
				SWIFT_VERSION = 5.0;
				TARGETED_DEVICE_FAMILY = "1,2";
				VALIDATE_PRODUCT = YES;
			};
			name = Debug;
		};
		A287C2F82E6CA9E4005129F0 /* Release */ = {
			isa = XCBuildConfiguration;
			buildSettings = {
				ASSETCATALOG_COMPILER_GLOBAL_ACCENT_COLOR_NAME = AccentColor;
				ASSETCATALOG_COMPILER_WIDGET_BACKGROUND_COLOR_NAME = WidgetBackground;
				CODE_SIGN_ENTITLEMENTS = ClassCountdownWidget/ClassCountdownWidget.entitlements;
				CODE_SIGN_STYLE = Automatic;
				CURRENT_PROJECT_VERSION = 1;
				DEVELOPMENT_TEAM = 997U33SWRW;
				GENERATE_INFOPLIST_FILE = YES;
				INFOPLIST_FILE = ClassCountdownWidget/Info.plist;
				INFOPLIST_KEY_CFBundleDisplayName = ClassCountdownWidget;
				INFOPLIST_KEY_NSHumanReadableCopyright = "";
				IPHONEOS_DEPLOYMENT_TARGET = 16.0;
				LD_RUNPATH_SEARCH_PATHS = (
					"$(inherited)",
					"@executable_path/Frameworks",
					"@executable_path/../../Frameworks",
				);
				MARKETING_VERSION = 1.0;
				PRODUCT_BUNDLE_IDENTIFIER = danielzhang.Hilltoppers2.ClassCountdownWidget;
				PRODUCT_NAME = "$(TARGET_NAME)";
				SDKROOT = iphoneos;
				SKIP_INSTALL = YES;
				SWIFT_EMIT_LOC_STRINGS = YES;
				SWIFT_VERSION = 5.0;
				TARGETED_DEVICE_FAMILY = "1,2";
				VALIDATE_PRODUCT = YES;
			};
			name = Release;
		};
/* End XCBuildConfiguration section */

/* Begin XCConfigurationList section */
		A25EA2CA2DB9E0770037D8D9 /* Build configuration list for PBXProject "SJA_re" */ = {
			isa = XCConfigurationList;
			buildConfigurations = (
				A25EA2EF2DB9E0780037D8D9 /* Debug */,
				A25EA2F02DB9E0780037D8D9 /* Release */,
			);
			defaultConfigurationIsVisible = 0;
			defaultConfigurationName = Release;
		};
		A25EA2F12DB9E0780037D8D9 /* Build configuration list for PBXNativeTarget "SJA_re" */ = {
			isa = XCConfigurationList;
			buildConfigurations = (
				A25EA2F22DB9E0780037D8D9 /* Debug */,
				A25EA2F32DB9E0780037D8D9 /* Release */,
			);
			defaultConfigurationIsVisible = 0;
			defaultConfigurationName = Release;
		};
		A25EA2F42DB9E0780037D8D9 /* Build configuration list for PBXNativeTarget "SJA_reTests" */ = {
			isa = XCConfigurationList;
			buildConfigurations = (
				A25EA2F52DB9E0780037D8D9 /* Debug */,
				A25EA2F62DB9E0780037D8D9 /* Release */,
			);
			defaultConfigurationIsVisible = 0;
			defaultConfigurationName = Release;
		};
		A25EA2F72DB9E0780037D8D9 /* Build configuration list for PBXNativeTarget "SJA_reUITests" */ = {
			isa = XCConfigurationList;
			buildConfigurations = (
				A25EA2F82DB9E0780037D8D9 /* Debug */,
				A25EA2F92DB9E0780037D8D9 /* Release */,
			);
			defaultConfigurationIsVisible = 0;
			defaultConfigurationName = Release;
		};
		A287C2FA2E6CA9E4005129F0 /* Build configuration list for PBXNativeTarget "ClassCountdownWidgetExtension" */ = {
			isa = XCConfigurationList;
			buildConfigurations = (
				A287C2F72E6CA9E4005129F0 /* Debug */,
				A287C2F82E6CA9E4005129F0 /* Release */,
			);
			defaultConfigurationIsVisible = 0;
			defaultConfigurationName = Release;
		};
/* End XCConfigurationList section */

/* Begin XCRemoteSwiftPackageReference section */
		A24509CB2DEEB14500BCDAB5 /* XCRemoteSwiftPackageReference "firebase-ios-sdk" */ = {
			isa = XCRemoteSwiftPackageReference;
			repositoryURL = "https://github.com/firebase/firebase-ios-sdk";
			requirement = {
				kind = upToNextMajorVersion;
				minimumVersion = 11.13.0;
			};
		};
		A25EA33F2DBA0B530037D8D9 /* XCRemoteSwiftPackageReference "SwiftSoup" */ = {
			isa = XCRemoteSwiftPackageReference;
			repositoryURL = "https://github.com/scinfu/SwiftSoup";
			requirement = {
				kind = upToNextMajorVersion;
				minimumVersion = 2.8.7;
			};
		};
		A2F8BE9F2E19100200EAD8F9 /* XCRemoteSwiftPackageReference "lottie-ios" */ = {
			isa = XCRemoteSwiftPackageReference;
			repositoryURL = "https://github.com/airbnb/lottie-ios";
			requirement = {
				kind = upToNextMajorVersion;
				minimumVersion = 4.5.2;
			};
		};
/* End XCRemoteSwiftPackageReference section */

/* Begin XCSwiftPackageProductDependency section */
		43C2CA118D4F0525E716EF03 /* FirebaseAuth */ = {
			isa = XCSwiftPackageProductDependency;
			package = A24509CB2DEEB14500BCDAB5 /* XCRemoteSwiftPackageReference "firebase-ios-sdk" */;
			productName = FirebaseAuth;
		};
		A24509CC2DEEB14500BCDAB5 /* FirebaseAnalytics */ = {
			isa = XCSwiftPackageProductDependency;
			package = A24509CB2DEEB14500BCDAB5 /* XCRemoteSwiftPackageReference "firebase-ios-sdk" */;
			productName = FirebaseAnalytics;
		};
		A24509CE2DEEB14500BCDAB5 /* FirebaseCore */ = {
			isa = XCSwiftPackageProductDependency;
			package = A24509CB2DEEB14500BCDAB5 /* XCRemoteSwiftPackageReference "firebase-ios-sdk" */;
			productName = FirebaseCore;
		};
		A24509D02DEEB14500BCDAB5 /* FirebaseFirestore */ = {
			isa = XCSwiftPackageProductDependency;
			package = A24509CB2DEEB14500BCDAB5 /* XCRemoteSwiftPackageReference "firebase-ios-sdk" */;
			productName = FirebaseFirestore;
		};
		A25EA3402DBA0B530037D8D9 /* SwiftSoup */ = {
			isa = XCSwiftPackageProductDependency;
			package = A25EA33F2DBA0B530037D8D9 /* XCRemoteSwiftPackageReference "SwiftSoup" */;
			productName = SwiftSoup;
		};
		A2F8BEA02E19100200EAD8F9 /* Lottie */ = {
			isa = XCSwiftPackageProductDependency;
			package = A2F8BE9F2E19100200EAD8F9 /* XCRemoteSwiftPackageReference "lottie-ios" */;
			productName = Lottie;
		};
/* End XCSwiftPackageProductDependency section */
	};
	rootObject = A25EA2C72DB9E0770037D8D9 /* Project object */;
}
